// !$*UTF8*$!
{
	archiveVersion = 1;
	classes = {
	};
	objectVersion = 46;
	objects = {

/* Begin PBXBuildFile section */
		21ABB89919F6DBD100F88AC5 /* Tools.cpp in Sources */ = {isa = PBXBuildFile; fileRef = 21ABB89719F6DBD100F88AC5 /* Tools.cpp */; };
		21ABB89C19F6E10900F88AC5 /* RunProgram.cpp in Sources */ = {isa = PBXBuildFile; fileRef = 21ABB89A19F6E10900F88AC5 /* RunProgram.cpp */; };
		21CFF99819F577D6002D0AAF /* main.cpp in Sources */ = {isa = PBXBuildFile; fileRef = 21CFF99719F577D6002D0AAF /* main.cpp */; };
/* End PBXBuildFile section */

/* Begin PBXCopyFilesBuildPhase section */
		21CFF99219F577D6002D0AAF /* CopyFiles */ = {
			isa = PBXCopyFilesBuildPhase;
			buildActionMask = 2147483647;
			dstPath = /usr/share/man/man1/;
			dstSubfolderSpec = 0;
			files = (
			);
			runOnlyForDeploymentPostprocessing = 1;
		};
/* End PBXCopyFilesBuildPhase section */

/* Begin PBXFileReference section */
		21ABB89719F6DBD100F88AC5 /* Tools.cpp */ = {isa = PBXFileReference; fileEncoding = 4; lastKnownFileType = sourcecode.cpp.cpp; path = Tools.cpp; sourceTree = "<group>"; };
		21ABB89819F6DBD100F88AC5 /* Tools.h */ = {isa = PBXFileReference; fileEncoding = 4; lastKnownFileType = sourcecode.c.h; path = Tools.h; sourceTree = "<group>"; };
		21ABB89A19F6E10900F88AC5 /* RunProgram.cpp */ = {isa = PBXFileReference; fileEncoding = 4; lastKnownFileType = sourcecode.cpp.cpp; path = RunProgram.cpp; sourceTree = "<group>"; };
		21ABB89B19F6E10900F88AC5 /* RunProgram.h */ = {isa = PBXFileReference; fileEncoding = 4; lastKnownFileType = sourcecode.c.h; path = RunProgram.h; sourceTree = "<group>"; };
		21CFF99419F577D6002D0AAF /* Project06-Functions */ = {isa = PBXFileReference; explicitFileType = "compiled.mach-o.executable"; includeInIndex = 0; path = "Project06-Functions"; sourceTree = BUILT_PRODUCTS_DIR; };
		21CFF99719F577D6002D0AAF /* main.cpp */ = {isa = PBXFileReference; lastKnownFileType = sourcecode.cpp.cpp; path = main.cpp; sourceTree = "<group>"; };
/* End PBXFileReference section */

/* Begin PBXFrameworksBuildPhase section */
		21CFF99119F577D6002D0AAF /* Frameworks */ = {
			isa = PBXFrameworksBuildPhase;
			buildActionMask = 2147483647;
			files = (
			);
			runOnlyForDeploymentPostprocessing = 0;
		};
/* End PBXFrameworksBuildPhase section */

/* Begin PBXGroup section */
		21CFF98B19F577D6002D0AAF = {
			isa = PBXGroup;
			children = (
				21ABB89719F6DBD100F88AC5 /* Tools.cpp */,
				21ABB89819F6DBD100F88AC5 /* Tools.h */,
				21CFF99619F577D6002D0AAF /* Project06-Functions */,
				21CFF99519F577D6002D0AAF /* Products */,
			);
			sourceTree = "<group>";
		};
		21CFF99519F577D6002D0AAF /* Products */ = {
			isa = PBXGroup;
			children = (
				21CFF99419F577D6002D0AAF /* Project06-Functions */,
			);
			name = Products;
			sourceTree = "<group>";
		};
		21CFF99619F577D6002D0AAF /* Project06-Functions */ = {
			isa = PBXGroup;
			children = (
				21CFF99719F577D6002D0AAF /* main.cpp */,
				21ABB89A19F6E10900F88AC5 /* RunProgram.cpp */,
				21ABB89B19F6E10900F88AC5 /* RunProgram.h */,
			);
			path = "Project06-Functions";
			sourceTree = "<group>";
		};
/* End PBXGroup section */

/* Begin PBXNativeTarget section */
		21CFF99319F577D6002D0AAF /* Project06-Functions */ = {
			isa = PBXNativeTarget;
			buildConfigurationList = 21CFF99B19F577D6002D0AAF /* Build configuration list for PBXNativeTarget "Project06-Functions" */;
			buildPhases = (
				21CFF99019F577D6002D0AAF /* Sources */,
				21CFF99119F577D6002D0AAF /* Frameworks */,
				21CFF99219F577D6002D0AAF /* CopyFiles */,
			);
			buildRules = (
			);
			dependencies = (
			);
			name = "Project06-Functions";
			productName = "Project06-Functions";
			productReference = 21CFF99419F577D6002D0AAF /* Project06-Functions */;
			productType = "com.apple.product-type.tool";
		};
/* End PBXNativeTarget section */

/* Begin PBXProject section */
		21CFF98C19F577D6002D0AAF /* Project object */ = {
			isa = PBXProject;
			attributes = {
				LastUpgradeCheck = 0600;
				ORGANIZATIONNAME = "Kristie Nguyen";
				TargetAttributes = {
					21CFF99319F577D6002D0AAF = {
						CreatedOnToolsVersion = 6.0.1;
					};
				};
			};
			buildConfigurationList = 21CFF98F19F577D6002D0AAF /* Build configuration list for PBXProject "Project06-Functions" */;
			compatibilityVersion = "Xcode 3.2";
			developmentRegion = English;
			hasScannedForEncodings = 0;
			knownRegions = (
				en,
			);
			mainGroup = 21CFF98B19F577D6002D0AAF;
			productRefGroup = 21CFF99519F577D6002D0AAF /* Products */;
			projectDirPath = "";
			projectRoot = "";
			targets = (
				21CFF99319F577D6002D0AAF /* Project06-Functions */,
			);
		};
/* End PBXProject section */

/* Begin PBXSourcesBuildPhase section */
		21CFF99019F577D6002D0AAF /* Sources */ = {
			isa = PBXSourcesBuildPhase;
			buildActionMask = 2147483647;
			files = (
				21CFF99819F577D6002D0AAF /* main.cpp in Sources */,
				21ABB89919F6DBD100F88AC5 /* Tools.cpp in Sources */,
				21ABB89C19F6E10900F88AC5 /* RunProgram.cpp in Sources */,
			);
			runOnlyForDeploymentPostprocessing = 0;
		};
/* End PBXSourcesBuildPhase section */

/* Begin XCBuildConfiguration section */
		21CFF99919F577D6002D0AAF /* Debug */ = {
			isa = XCBuildConfiguration;
			buildSettings = {
				ALWAYS_SEARCH_USER_PATHS = NO;
				CLANG_CXX_LANGUAGE_STANDARD = "gnu++0x";
				CLANG_CXX_LIBRARY = "libc++";
				CLANG_ENABLE_MODULES = YES;
				CLANG_ENABLE_OBJC_ARC = YES;
				CLANG_WARN_BOOL_CONVERSION = YES;
				CLANG_WARN_CONSTANT_CONVERSION = YES;
				CLANG_WARN_DIRECT_OBJC_ISA_USAGE = YES_ERROR;
				CLANG_WARN_EMPTY_BODY = YES;
				CLANG_WARN_ENUM_CONVERSION = YES;
				CLANG_WARN_INT_CONVERSION = YES;
				CLANG_WARN_OBJC_ROOT_CLASS = YES_ERROR;
				CLANG_WARN_UNREACHABLE_CODE = YES;
				CLANG_WARN__DUPLICATE_METHOD_MATCH = YES;
				COPY_PHASE_STRIP = NO;
				ENABLE_STRICT_OBJC_MSGSEND = YES;
				GCC_C_LANGUAGE_STANDARD = gnu99;
				GCC_DYNAMIC_NO_PIC = NO;
				GCC_OPTIMIZATION_LEVEL = 0;
				GCC_PREPROCESSOR_DEFINITIONS = (
					"DEBUG=1",
					"$(inherited)",
				);
				GCC_SYMBOLS_PRIVATE_EXTERN = NO;
				GCC_WARN_64_TO_32_BIT_CONVERSION = YES;
				GCC_WARN_ABOUT_RETURN_TYPE = YES_ERROR;
				GCC_WARN_UNDECLARED_SELECTOR = YES;
				GCC_WARN_UNINITIALIZED_AUTOS = YES_AGGRESSIVE;
				GCC_WARN_UNUSED_FUNCTION = YES;
				GCC_WARN_UNUSED_VARIABLE = YES;
				MACOSX_DEPLOYMENT_TARGET = 10.9;
				MTL_ENABLE_DEBUG_INFO = YES;
				ONLY_ACTIVE_ARCH = YES;
				SDKROOT = macosx;
			};
			name = Debug;
		};
		21CFF99A19F577D6002D0AAF /* Release */ = {
			isa = XCBuildConfiguration;
			buildSettings = {
				ALWAYS_SEARCH_USER_PATHS = NO;
				CLANG_CXX_LANGUAGE_STANDARD = "gnu++0x";
				CLANG_CXX_LIBRARY = "libc++";
				CLANG_ENABLE_MODULES = YES;
				CLANG_ENABLE_OBJC_ARC = YES;
				CLANG_WARN_BOOL_CONVERSION = YES;
				CLANG_WARN_CONSTANT_CONVERSION = YES;
				CLANG_WARN_DIRECT_OBJC_ISA_USAGE = YES_ERROR;
				CLANG_WARN_EMPTY_BODY = YES;
				CLANG_WARN_ENUM_CONVERSION = YES;
				CLANG_WARN_INT_CONVERSION = YES;
				CLANG_WARN_OBJC_ROOT_CLASS = YES_ERROR;
				CLANG_WARN_UNREACHABLE_CODE = YES;
				CLANG_WARN__DUPLICATE_METHOD_MATCH = YES;
				COPY_PHASE_STRIP = YES;
				DEBUG_INFORMATION_FORMAT = "dwarf-with-dsym";
				ENABLE_NS_ASSERTIONS = NO;
				ENABLE_STRICT_OBJC_MSGSEND = YES;
				GCC_C_LANGUAGE_STANDARD = gnu99;
				GCC_WARN_64_TO_32_BIT_CONVERSION = YES;
				GCC_WARN_ABOUT_RETURN_TYPE = YES_ERROR;
				GCC_WARN_UNDECLARED_SELECTOR = YES;
				GCC_WARN_UNINITIALIZED_AUTOS = YES_AGGRESSIVE;
				GCC_WARN_UNUSED_FUNCTION = YES;
				GCC_WARN_UNUSED_VARIABLE = YES;
				MACOSX_DEPLOYMENT_TARGET = 10.9;
				MTL_ENABLE_DEBUG_INFO = NO;
				SDKROOT = macosx;
			};
			name = Release;
		};
		21CFF99C19F577D6002D0AAF /* Debug */ = {
			isa = XCBuildConfiguration;
			buildSettings = {
				PRODUCT_NAME = "$(TARGET_NAME)";
			};
			name = Debug;
		};
		21CFF99D19F577D6002D0AAF /* Release */ = {
			isa = XCBuildConfiguration;
			buildSettings = {
				PRODUCT_NAME = "$(TARGET_NAME)";
			};
			name = Release;
		};
/* End XCBuildConfiguration section */

/* Begin XCConfigurationList section */
		21CFF98F19F577D6002D0AAF /* Build configuration list for PBXProject "Project06-Functions" */ = {
			isa = XCConfigurationList;
			buildConfigurations = (
				21CFF99919F577D6002D0AAF /* Debug */,
				21CFF99A19F577D6002D0AAF /* Release */,
			);
			defaultConfigurationIsVisible = 0;
			defaultConfigurationName = Release;
		};
		21CFF99B19F577D6002D0AAF /* Build configuration list for PBXNativeTarget "Project06-Functions" */ = {
			isa = XCConfigurationList;
			buildConfigurations = (
				21CFF99C19F577D6002D0AAF /* Debug */,
				21CFF99D19F577D6002D0AAF /* Release */,
			);
			defaultConfigurationIsVisible = 0;
			defaultConfigurationName = Release;
		};
/* End XCConfigurationList section */
	};
	rootObject = 21CFF98C19F577D6002D0AAF /* Project object */;
}
