// !$*UTF8*$!
{
	archiveVersion = 1;
	classes = {
	};
	objectVersion = 46;
	objects = {

/* Begin PBXBuildFile section */
		212365AF1A17F456008F979B /* main.cpp in Sources */ = {isa = PBXBuildFile; fileRef = 212365AE1A17F456008F979B /* main.cpp */; };
		212365BA1A17F762008F979B /* Stopwatch.cpp in Sources */ = {isa = PBXBuildFile; fileRef = 212365B81A17F762008F979B /* Stopwatch.cpp */; };
		217F32EC1A1AF54400D41DAC /* testStopwatch.cpp in Sources */ = {isa = PBXBuildFile; fileRef = 217F32EA1A1AF54400D41DAC /* testStopwatch.cpp */; };
/* End PBXBuildFile section */

/* Begin PBXCopyFilesBuildPhase section */
		212365A91A17F456008F979B /* CopyFiles */ = {
			isa = PBXCopyFilesBuildPhase;
			buildActionMask = 2147483647;
			dstPath = /usr/share/man/man1/;
			dstSubfolderSpec = 0;
			files = (
			);
			runOnlyForDeploymentPostprocessing = 1;
		};
/* End PBXCopyFilesBuildPhase section */

/* Begin PBXFileReference section */
		212365AB1A17F456008F979B /* Project09-Stopwatch */ = {isa = PBXFileReference; explicitFileType = "compiled.mach-o.executable"; includeInIndex = 0; path = "Project09-Stopwatch"; sourceTree = BUILT_PRODUCTS_DIR; };
		212365AE1A17F456008F979B /* main.cpp */ = {isa = PBXFileReference; lastKnownFileType = sourcecode.cpp.cpp; path = main.cpp; sourceTree = "<group>"; };
		212365B81A17F762008F979B /* Stopwatch.cpp */ = {isa = PBXFileReference; fileEncoding = 4; lastKnownFileType = sourcecode.cpp.cpp; lineEnding = 0; path = Stopwatch.cpp; sourceTree = "<group>"; xcLanguageSpecificationIdentifier = xcode.lang.cpp; };
		212365B91A17F762008F979B /* Stopwatch.h */ = {isa = PBXFileReference; fileEncoding = 4; lastKnownFileType = sourcecode.c.h; lineEnding = 0; path = Stopwatch.h; sourceTree = "<group>"; xcLanguageSpecificationIdentifier = xcode.lang.objcpp; };
		217F32EA1A1AF54400D41DAC /* testStopwatch.cpp */ = {isa = PBXFileReference; fileEncoding = 4; lastKnownFileType = sourcecode.cpp.cpp; lineEnding = 0; path = testStopwatch.cpp; sourceTree = "<group>"; xcLanguageSpecificationIdentifier = xcode.lang.cpp; };
		217F32EB1A1AF54400D41DAC /* testStopwatch.h */ = {isa = PBXFileReference; fileEncoding = 4; lastKnownFileType = sourcecode.c.h; path = testStopwatch.h; sourceTree = "<group>"; };
/* End PBXFileReference section */

/* Begin PBXFrameworksBuildPhase section */
		212365A81A17F456008F979B /* Frameworks */ = {
			isa = PBXFrameworksBuildPhase;
			buildActionMask = 2147483647;
			files = (
			);
			runOnlyForDeploymentPostprocessing = 0;
		};
/* End PBXFrameworksBuildPhase section */

/* Begin PBXGroup section */
		212365A21A17F456008F979B = {
			isa = PBXGroup;
			children = (
				212365AD1A17F456008F979B /* Project09-Stopwatch */,
				212365AC1A17F456008F979B /* Products */,
			);
			sourceTree = "<group>";
		};
		212365AC1A17F456008F979B /* Products */ = {
			isa = PBXGroup;
			children = (
				212365AB1A17F456008F979B /* Project09-Stopwatch */,
			);
			name = Products;
			sourceTree = "<group>";
		};
		212365AD1A17F456008F979B /* Project09-Stopwatch */ = {
			isa = PBXGroup;
			children = (
				212365AE1A17F456008F979B /* main.cpp */,
				217F32EA1A1AF54400D41DAC /* testStopwatch.cpp */,
				217F32EB1A1AF54400D41DAC /* testStopwatch.h */,
				212365B81A17F762008F979B /* Stopwatch.cpp */,
				212365B91A17F762008F979B /* Stopwatch.h */,
			);
			path = "Project09-Stopwatch";
			sourceTree = "<group>";
		};
/* End PBXGroup section */

/* Begin PBXNativeTarget section */
		212365AA1A17F456008F979B /* Project09-Stopwatch */ = {
			isa = PBXNativeTarget;
			buildConfigurationList = 212365B21A17F456008F979B /* Build configuration list for PBXNativeTarget "Project09-Stopwatch" */;
			buildPhases = (
				212365A71A17F456008F979B /* Sources */,
				212365A81A17F456008F979B /* Frameworks */,
				212365A91A17F456008F979B /* CopyFiles */,
			);
			buildRules = (
			);
			dependencies = (
			);
			name = "Project09-Stopwatch";
			productName = "Project09-Stopwatch";
			productReference = 212365AB1A17F456008F979B /* Project09-Stopwatch */;
			productType = "com.apple.product-type.tool";
		};
/* End PBXNativeTarget section */

/* Begin PBXProject section */
		212365A31A17F456008F979B /* Project object */ = {
			isa = PBXProject;
			attributes = {
				LastUpgradeCheck = 0600;
				ORGANIZATIONNAME = "Kristie Nguyen";
				TargetAttributes = {
					212365AA1A17F456008F979B = {
						CreatedOnToolsVersion = 6.0.1;
					};
				};
			};
			buildConfigurationList = 212365A61A17F456008F979B /* Build configuration list for PBXProject "Project09-Stopwatch" */;
			compatibilityVersion = "Xcode 3.2";
			developmentRegion = English;
			hasScannedForEncodings = 0;
			knownRegions = (
				en,
			);
			mainGroup = 212365A21A17F456008F979B;
			productRefGroup = 212365AC1A17F456008F979B /* Products */;
			projectDirPath = "";
			projectRoot = "";
			targets = (
				212365AA1A17F456008F979B /* Project09-Stopwatch */,
			);
		};
/* End PBXProject section */

/* Begin PBXSourcesBuildPhase section */
		212365A71A17F456008F979B /* Sources */ = {
			isa = PBXSourcesBuildPhase;
			buildActionMask = 2147483647;
			files = (
				212365BA1A17F762008F979B /* Stopwatch.cpp in Sources */,
				212365AF1A17F456008F979B /* main.cpp in Sources */,
				217F32EC1A1AF54400D41DAC /* testStopwatch.cpp in Sources */,
			);
			runOnlyForDeploymentPostprocessing = 0;
		};
/* End PBXSourcesBuildPhase section */

/* Begin XCBuildConfiguration section */
		212365B01A17F456008F979B /* Debug */ = {
			isa = XCBuildConfiguration;
			buildSettings = {
				ALWAYS_SEARCH_USER_PATHS = NO;
				CLANG_CXX_LANGUAGE_STANDARD = "gnu++0x";
				CLANG_CXX_LIBRARY = "libc++";
				CLANG_ENABLE_MODULES = YES;
				CLANG_ENABLE_OBJC_ARC = YES;
				CLANG_WARN_BOOL_CONVERSION = YES;
				CLANG_WARN_CONSTANT_CONVERSION = YES;
				CLANG_WARN_DIRECT_OBJC_ISA_USAGE = YES_ERROR;
				CLANG_WARN_EMPTY_BODY = YES;
				CLANG_WARN_ENUM_CONVERSION = YES;
				CLANG_WARN_INT_CONVERSION = YES;
				CLANG_WARN_OBJC_ROOT_CLASS = YES_ERROR;
				CLANG_WARN_UNREACHABLE_CODE = YES;
				CLANG_WARN__DUPLICATE_METHOD_MATCH = YES;
				COPY_PHASE_STRIP = NO;
				ENABLE_STRICT_OBJC_MSGSEND = YES;
				GCC_C_LANGUAGE_STANDARD = gnu99;
				GCC_DYNAMIC_NO_PIC = NO;
				GCC_OPTIMIZATION_LEVEL = 0;
				GCC_PREPROCESSOR_DEFINITIONS = (
					"DEBUG=1",
					"$(inherited)",
				);
				GCC_SYMBOLS_PRIVATE_EXTERN = NO;
				GCC_WARN_64_TO_32_BIT_CONVERSION = YES;
				GCC_WARN_ABOUT_RETURN_TYPE = YES_ERROR;
				GCC_WARN_UNDECLARED_SELECTOR = YES;
				GCC_WARN_UNINITIALIZED_AUTOS = YES_AGGRESSIVE;
				GCC_WARN_UNUSED_FUNCTION = YES;
				GCC_WARN_UNUSED_VARIABLE = YES;
				MACOSX_DEPLOYMENT_TARGET = 10.10;
				MTL_ENABLE_DEBUG_INFO = YES;
				ONLY_ACTIVE_ARCH = YES;
				SDKROOT = macosx;
			};
			name = Debug;
		};
		212365B11A17F456008F979B /* Release */ = {
			isa = XCBuildConfiguration;
			buildSettings = {
				ALWAYS_SEARCH_USER_PATHS = NO;
				CLANG_CXX_LANGUAGE_STANDARD = "gnu++0x";
				CLANG_CXX_LIBRARY = "libc++";
				CLANG_ENABLE_MODULES = YES;
				CLANG_ENABLE_OBJC_ARC = YES;
				CLANG_WARN_BOOL_CONVERSION = YES;
				CLANG_WARN_CONSTANT_CONVERSION = YES;
				CLANG_WARN_DIRECT_OBJC_ISA_USAGE = YES_ERROR;
				CLANG_WARN_EMPTY_BODY = YES;
				CLANG_WARN_ENUM_CONVERSION = YES;
				CLANG_WARN_INT_CONVERSION = YES;
				CLANG_WARN_OBJC_ROOT_CLASS = YES_ERROR;
				CLANG_WARN_UNREACHABLE_CODE = YES;
				CLANG_WARN__DUPLICATE_METHOD_MATCH = YES;
				COPY_PHASE_STRIP = YES;
				DEBUG_INFORMATION_FORMAT = "dwarf-with-dsym";
				ENABLE_NS_ASSERTIONS = NO;
				ENABLE_STRICT_OBJC_MSGSEND = YES;
				GCC_C_LANGUAGE_STANDARD = gnu99;
				GCC_WARN_64_TO_32_BIT_CONVERSION = YES;
				GCC_WARN_ABOUT_RETURN_TYPE = YES_ERROR;
				GCC_WARN_UNDECLARED_SELECTOR = YES;
				GCC_WARN_UNINITIALIZED_AUTOS = YES_AGGRESSIVE;
				GCC_WARN_UNUSED_FUNCTION = YES;
				GCC_WARN_UNUSED_VARIABLE = YES;
				MACOSX_DEPLOYMENT_TARGET = 10.10;
				MTL_ENABLE_DEBUG_INFO = NO;
				SDKROOT = macosx;
			};
			name = Release;
		};
		212365B31A17F456008F979B /* Debug */ = {
			isa = XCBuildConfiguration;
			buildSettings = {
				PRODUCT_NAME = "$(TARGET_NAME)";
			};
			name = Debug;
		};
		212365B41A17F456008F979B /* Release */ = {
			isa = XCBuildConfiguration;
			buildSettings = {
				PRODUCT_NAME = "$(TARGET_NAME)";
			};
			name = Release;
		};
/* End XCBuildConfiguration section */

/* Begin XCConfigurationList section */
		212365A61A17F456008F979B /* Build configuration list for PBXProject "Project09-Stopwatch" */ = {
			isa = XCConfigurationList;
			buildConfigurations = (
				212365B01A17F456008F979B /* Debug */,
				212365B11A17F456008F979B /* Release */,
			);
			defaultConfigurationIsVisible = 0;
			defaultConfigurationName = Release;
		};
		212365B21A17F456008F979B /* Build configuration list for PBXNativeTarget "Project09-Stopwatch" */ = {
			isa = XCConfigurationList;
			buildConfigurations = (
				212365B31A17F456008F979B /* Debug */,
				212365B41A17F456008F979B /* Release */,
			);
			defaultConfigurationIsVisible = 0;
			defaultConfigurationName = Release;
		};
/* End XCConfigurationList section */
	};
	rootObject = 212365A31A17F456008F979B /* Project object */;
}
