// !$*UTF8*$!
{
	archiveVersion = 1;
	classes = {
	};
	objectVersion = 46;
	objects = {

/* Begin PBXBuildFile section */
		211952911A0AE69F0058BC13 /* main.cpp in Sources */ = {isa = PBXBuildFile; fileRef = 211952901A0AE69F0058BC13 /* main.cpp */; };
		211952991A0AE7170058BC13 /* Tools.cpp in Sources */ = {isa = PBXBuildFile; fileRef = 211952981A0AE7170058BC13 /* Tools.cpp */; };
		2119529B1A0AE7A60058BC13 /* Span.cpp in Sources */ = {isa = PBXBuildFile; fileRef = 2119529A1A0AE7A60058BC13 /* Span.cpp */; };
/* End PBXBuildFile section */

/* Begin PBXCopyFilesBuildPhase section */
		2119528B1A0AE69E0058BC13 /* CopyFiles */ = {
			isa = PBXCopyFilesBuildPhase;
			buildActionMask = 2147483647;
			dstPath = /usr/share/man/man1/;
			dstSubfolderSpec = 0;
			files = (
			);
			runOnlyForDeploymentPostprocessing = 1;
		};
/* End PBXCopyFilesBuildPhase section */

/* Begin PBXFileReference section */
		2119528D1A0AE69E0058BC13 /* Project08-Spans3 */ = {isa = PBXFileReference; explicitFileType = "compiled.mach-o.executable"; includeInIndex = 0; path = "Project08-Spans3"; sourceTree = BUILT_PRODUCTS_DIR; };
		211952901A0AE69F0058BC13 /* main.cpp */ = {isa = PBXFileReference; lastKnownFileType = sourcecode.cpp.cpp; path = main.cpp; sourceTree = "<group>"; };
		211952971A0AE70D0058BC13 /* Tools.h */ = {isa = PBXFileReference; lastKnownFileType = sourcecode.c.h; path = Tools.h; sourceTree = "<group>"; };
		211952981A0AE7170058BC13 /* Tools.cpp */ = {isa = PBXFileReference; fileEncoding = 4; lastKnownFileType = sourcecode.cpp.cpp; path = Tools.cpp; sourceTree = "<group>"; };
		2119529A1A0AE7A60058BC13 /* Span.cpp */ = {isa = PBXFileReference; fileEncoding = 4; lastKnownFileType = sourcecode.cpp.cpp; path = Span.cpp; sourceTree = "<group>"; };
		2119529C1A0AE7AF0058BC13 /* Span.h */ = {isa = PBXFileReference; fileEncoding = 4; lastKnownFileType = sourcecode.c.h; path = Span.h; sourceTree = "<group>"; };
/* End PBXFileReference section */

/* Begin PBXFrameworksBuildPhase section */
		2119528A1A0AE69E0058BC13 /* Frameworks */ = {
			isa = PBXFrameworksBuildPhase;
			buildActionMask = 2147483647;
			files = (
			);
			runOnlyForDeploymentPostprocessing = 0;
		};
/* End PBXFrameworksBuildPhase section */

/* Begin PBXGroup section */
		211952841A0AE69E0058BC13 = {
			isa = PBXGroup;
			children = (
				2119528F1A0AE69E0058BC13 /* Project08-Spans3 */,
				2119528E1A0AE69E0058BC13 /* Products */,
			);
			sourceTree = "<group>";
		};
		2119528E1A0AE69E0058BC13 /* Products */ = {
			isa = PBXGroup;
			children = (
				2119528D1A0AE69E0058BC13 /* Project08-Spans3 */,
			);
			name = Products;
			sourceTree = "<group>";
		};
		2119528F1A0AE69E0058BC13 /* Project08-Spans3 */ = {
			isa = PBXGroup;
			children = (
				211952901A0AE69F0058BC13 /* main.cpp */,
				2119529A1A0AE7A60058BC13 /* Span.cpp */,
				2119529C1A0AE7AF0058BC13 /* Span.h */,
				211952981A0AE7170058BC13 /* Tools.cpp */,
				211952971A0AE70D0058BC13 /* Tools.h */,
			);
			path = "Project08-Spans3";
			sourceTree = "<group>";
		};
/* End PBXGroup section */

/* Begin PBXNativeTarget section */
		2119528C1A0AE69E0058BC13 /* Project08-Spans3 */ = {
			isa = PBXNativeTarget;
			buildConfigurationList = 211952941A0AE69F0058BC13 /* Build configuration list for PBXNativeTarget "Project08-Spans3" */;
			buildPhases = (
				211952891A0AE69E0058BC13 /* Sources */,
				2119528A1A0AE69E0058BC13 /* Frameworks */,
				2119528B1A0AE69E0058BC13 /* CopyFiles */,
			);
			buildRules = (
			);
			dependencies = (
			);
			name = "Project08-Spans3";
			productName = "Project08-Spans3";
			productReference = 2119528D1A0AE69E0058BC13 /* Project08-Spans3 */;
			productType = "com.apple.product-type.tool";
		};
/* End PBXNativeTarget section */

/* Begin PBXProject section */
		211952851A0AE69E0058BC13 /* Project object */ = {
			isa = PBXProject;
			attributes = {
				LastUpgradeCheck = 0600;
				ORGANIZATIONNAME = "Kristie Nguyen";
				TargetAttributes = {
					2119528C1A0AE69E0058BC13 = {
						CreatedOnToolsVersion = 6.0.1;
					};
				};
			};
			buildConfigurationList = 211952881A0AE69E0058BC13 /* Build configuration list for PBXProject "Project08-Spans3" */;
			compatibilityVersion = "Xcode 3.2";
			developmentRegion = English;
			hasScannedForEncodings = 0;
			knownRegions = (
				en,
			);
			mainGroup = 211952841A0AE69E0058BC13;
			productRefGroup = 2119528E1A0AE69E0058BC13 /* Products */;
			projectDirPath = "";
			projectRoot = "";
			targets = (
				2119528C1A0AE69E0058BC13 /* Project08-Spans3 */,
			);
		};
/* End PBXProject section */

/* Begin PBXSourcesBuildPhase section */
		211952891A0AE69E0058BC13 /* Sources */ = {
			isa = PBXSourcesBuildPhase;
			buildActionMask = 2147483647;
			files = (
				2119529B1A0AE7A60058BC13 /* Span.cpp in Sources */,
				211952911A0AE69F0058BC13 /* main.cpp in Sources */,
				211952991A0AE7170058BC13 /* Tools.cpp in Sources */,
			);
			runOnlyForDeploymentPostprocessing = 0;
		};
/* End PBXSourcesBuildPhase section */

/* Begin XCBuildConfiguration section */
		211952921A0AE69F0058BC13 /* Debug */ = {
			isa = XCBuildConfiguration;
			buildSettings = {
				ALWAYS_SEARCH_USER_PATHS = NO;
				CLANG_CXX_LANGUAGE_STANDARD = "gnu++0x";
				CLANG_CXX_LIBRARY = "libc++";
				CLANG_ENABLE_MODULES = YES;
				CLANG_ENABLE_OBJC_ARC = YES;
				CLANG_WARN_BOOL_CONVERSION = YES;
				CLANG_WARN_CONSTANT_CONVERSION = YES;
				CLANG_WARN_DIRECT_OBJC_ISA_USAGE = YES_ERROR;
				CLANG_WARN_EMPTY_BODY = YES;
				CLANG_WARN_ENUM_CONVERSION = YES;
				CLANG_WARN_INT_CONVERSION = YES;
				CLANG_WARN_OBJC_ROOT_CLASS = YES_ERROR;
				CLANG_WARN_UNREACHABLE_CODE = YES;
				CLANG_WARN__DUPLICATE_METHOD_MATCH = YES;
				COPY_PHASE_STRIP = NO;
				ENABLE_STRICT_OBJC_MSGSEND = YES;
				GCC_C_LANGUAGE_STANDARD = gnu99;
				GCC_DYNAMIC_NO_PIC = NO;
				GCC_OPTIMIZATION_LEVEL = 0;
				GCC_PREPROCESSOR_DEFINITIONS = (
					"DEBUG=1",
					"$(inherited)",
				);
				GCC_SYMBOLS_PRIVATE_EXTERN = NO;
				GCC_WARN_64_TO_32_BIT_CONVERSION = YES;
				GCC_WARN_ABOUT_RETURN_TYPE = YES_ERROR;
				GCC_WARN_UNDECLARED_SELECTOR = YES;
				GCC_WARN_UNINITIALIZED_AUTOS = YES_AGGRESSIVE;
				GCC_WARN_UNUSED_FUNCTION = YES;
				GCC_WARN_UNUSED_VARIABLE = YES;
				MACOSX_DEPLOYMENT_TARGET = 10.10;
				MTL_ENABLE_DEBUG_INFO = YES;
				ONLY_ACTIVE_ARCH = YES;
				SDKROOT = macosx;
			};
			name = Debug;
		};
		211952931A0AE69F0058BC13 /* Release */ = {
			isa = XCBuildConfiguration;
			buildSettings = {
				ALWAYS_SEARCH_USER_PATHS = NO;
				CLANG_CXX_LANGUAGE_STANDARD = "gnu++0x";
				CLANG_CXX_LIBRARY = "libc++";
				CLANG_ENABLE_MODULES = YES;
				CLANG_ENABLE_OBJC_ARC = YES;
				CLANG_WARN_BOOL_CONVERSION = YES;
				CLANG_WARN_CONSTANT_CONVERSION = YES;
				CLANG_WARN_DIRECT_OBJC_ISA_USAGE = YES_ERROR;
				CLANG_WARN_EMPTY_BODY = YES;
				CLANG_WARN_ENUM_CONVERSION = YES;
				CLANG_WARN_INT_CONVERSION = YES;
				CLANG_WARN_OBJC_ROOT_CLASS = YES_ERROR;
				CLANG_WARN_UNREACHABLE_CODE = YES;
				CLANG_WARN__DUPLICATE_METHOD_MATCH = YES;
				COPY_PHASE_STRIP = YES;
				DEBUG_INFORMATION_FORMAT = "dwarf-with-dsym";
				ENABLE_NS_ASSERTIONS = NO;
				ENABLE_STRICT_OBJC_MSGSEND = YES;
				GCC_C_LANGUAGE_STANDARD = gnu99;
				GCC_WARN_64_TO_32_BIT_CONVERSION = YES;
				GCC_WARN_ABOUT_RETURN_TYPE = YES_ERROR;
				GCC_WARN_UNDECLARED_SELECTOR = YES;
				GCC_WARN_UNINITIALIZED_AUTOS = YES_AGGRESSIVE;
				GCC_WARN_UNUSED_FUNCTION = YES;
				GCC_WARN_UNUSED_VARIABLE = YES;
				MACOSX_DEPLOYMENT_TARGET = 10.10;
				MTL_ENABLE_DEBUG_INFO = NO;
				SDKROOT = macosx;
			};
			name = Release;
		};
		211952951A0AE69F0058BC13 /* Debug */ = {
			isa = XCBuildConfiguration;
			buildSettings = {
				PRODUCT_NAME = "$(TARGET_NAME)";
			};
			name = Debug;
		};
		211952961A0AE69F0058BC13 /* Release */ = {
			isa = XCBuildConfiguration;
			buildSettings = {
				PRODUCT_NAME = "$(TARGET_NAME)";
			};
			name = Release;
		};
/* End XCBuildConfiguration section */

/* Begin XCConfigurationList section */
		211952881A0AE69E0058BC13 /* Build configuration list for PBXProject "Project08-Spans3" */ = {
			isa = XCConfigurationList;
			buildConfigurations = (
				211952921A0AE69F0058BC13 /* Debug */,
				211952931A0AE69F0058BC13 /* Release */,
			);
			defaultConfigurationIsVisible = 0;
			defaultConfigurationName = Release;
		};
		211952941A0AE69F0058BC13 /* Build configuration list for PBXNativeTarget "Project08-Spans3" */ = {
			isa = XCConfigurationList;
			buildConfigurations = (
				211952951A0AE69F0058BC13 /* Debug */,
				211952961A0AE69F0058BC13 /* Release */,
			);
			defaultConfigurationIsVisible = 0;
		};
/* End XCConfigurationList section */
	};
	rootObject = 211952851A0AE69E0058BC13 /* Project object */;
}
