// !$*UTF8*$!
{
	archiveVersion = 1;
	classes = {
	};
	objectVersion = 46;
	objects = {

/* Begin PBXBuildFile section */
		218215FC1A242E5000DA9D83 /* Tools.cpp in Sources */ = {isa = PBXBuildFile; fileRef = 218215FB1A242E5000DA9D83 /* Tools.cpp */; };
		21BCADA21A1E92D100667A9F /* main.cpp in Sources */ = {isa = PBXBuildFile; fileRef = 21BCADA11A1E92D100667A9F /* main.cpp */; };
/* End PBXBuildFile section */

/* Begin PBXCopyFilesBuildPhase section */
		21BCAD9C1A1E92D100667A9F /* CopyFiles */ = {
			isa = PBXCopyFilesBuildPhase;
			buildActionMask = 2147483647;
			dstPath = /usr/share/man/man1/;
			dstSubfolderSpec = 0;
			files = (
			);
			runOnlyForDeploymentPostprocessing = 1;
		};
/* End PBXCopyFilesBuildPhase section */

/* Begin PBXFileReference section */
		218215FB1A242E5000DA9D83 /* Tools.cpp */ = {isa = PBXFileReference; fileEncoding = 4; lastKnownFileType = sourcecode.cpp.cpp; path = Tools.cpp; sourceTree = "<group>"; };
		218215FD1A242E5500DA9D83 /* Tools.h */ = {isa = PBXFileReference; lastKnownFileType = sourcecode.c.h; path = Tools.h; sourceTree = "<group>"; };
		21BCAD9E1A1E92D100667A9F /* Project10-Loops */ = {isa = PBXFileReference; explicitFileType = "compiled.mach-o.executable"; includeInIndex = 0; path = "Project10-Loops"; sourceTree = BUILT_PRODUCTS_DIR; };
		21BCADA11A1E92D100667A9F /* main.cpp */ = {isa = PBXFileReference; lastKnownFileType = sourcecode.cpp.cpp; path = main.cpp; sourceTree = "<group>"; };
/* End PBXFileReference section */

/* Begin PBXFrameworksBuildPhase section */
		21BCAD9B1A1E92D100667A9F /* Frameworks */ = {
			isa = PBXFrameworksBuildPhase;
			buildActionMask = 2147483647;
			files = (
			);
			runOnlyForDeploymentPostprocessing = 0;
		};
/* End PBXFrameworksBuildPhase section */

/* Begin PBXGroup section */
		21BCAD951A1E92D000667A9F = {
			isa = PBXGroup;
			children = (
				21BCADA01A1E92D100667A9F /* Project10-Loops */,
				21BCAD9F1A1E92D100667A9F /* Products */,
			);
			sourceTree = "<group>";
		};
		21BCAD9F1A1E92D100667A9F /* Products */ = {
			isa = PBXGroup;
			children = (
				21BCAD9E1A1E92D100667A9F /* Project10-Loops */,
			);
			name = Products;
			sourceTree = "<group>";
		};
		21BCADA01A1E92D100667A9F /* Project10-Loops */ = {
			isa = PBXGroup;
			children = (
				21BCADA11A1E92D100667A9F /* main.cpp */,
				218215FD1A242E5500DA9D83 /* Tools.h */,
				218215FB1A242E5000DA9D83 /* Tools.cpp */,
			);
			path = "Project10-Loops";
			sourceTree = "<group>";
		};
/* End PBXGroup section */

/* Begin PBXNativeTarget section */
		21BCAD9D1A1E92D100667A9F /* Project10-Loops */ = {
			isa = PBXNativeTarget;
			buildConfigurationList = 21BCADA51A1E92D100667A9F /* Build configuration list for PBXNativeTarget "Project10-Loops" */;
			buildPhases = (
				21BCAD9A1A1E92D100667A9F /* Sources */,
				21BCAD9B1A1E92D100667A9F /* Frameworks */,
				21BCAD9C1A1E92D100667A9F /* CopyFiles */,
			);
			buildRules = (
			);
			dependencies = (
			);
			name = "Project10-Loops";
			productName = "Project10-Loops";
			productReference = 21BCAD9E1A1E92D100667A9F /* Project10-Loops */;
			productType = "com.apple.product-type.tool";
		};
/* End PBXNativeTarget section */

/* Begin PBXProject section */
		21BCAD961A1E92D000667A9F /* Project object */ = {
			isa = PBXProject;
			attributes = {
				LastUpgradeCheck = 0600;
				ORGANIZATIONNAME = "Kristie Nguyen";
				TargetAttributes = {
					21BCAD9D1A1E92D100667A9F = {
						CreatedOnToolsVersion = 6.0.1;
					};
				};
			};
			buildConfigurationList = 21BCAD991A1E92D000667A9F /* Build configuration list for PBXProject "Project10-Loops" */;
			compatibilityVersion = "Xcode 3.2";
			developmentRegion = English;
			hasScannedForEncodings = 0;
			knownRegions = (
				en,
			);
			mainGroup = 21BCAD951A1E92D000667A9F;
			productRefGroup = 21BCAD9F1A1E92D100667A9F /* Products */;
			projectDirPath = "";
			projectRoot = "";
			targets = (
				21BCAD9D1A1E92D100667A9F /* Project10-Loops */,
			);
		};
/* End PBXProject section */

/* Begin PBXSourcesBuildPhase section */
		21BCAD9A1A1E92D100667A9F /* Sources */ = {
			isa = PBXSourcesBuildPhase;
			buildActionMask = 2147483647;
			files = (
				21BCADA21A1E92D100667A9F /* main.cpp in Sources */,
				218215FC1A242E5000DA9D83 /* Tools.cpp in Sources */,
			);
			runOnlyForDeploymentPostprocessing = 0;
		};
/* End PBXSourcesBuildPhase section */

/* Begin XCBuildConfiguration section */
		21BCADA31A1E92D100667A9F /* Debug */ = {
			isa = XCBuildConfiguration;
			buildSettings = {
				ALWAYS_SEARCH_USER_PATHS = NO;
				CLANG_CXX_LANGUAGE_STANDARD = "gnu++0x";
				CLANG_CXX_LIBRARY = "libc++";
				CLANG_ENABLE_MODULES = YES;
				CLANG_ENABLE_OBJC_ARC = YES;
				CLANG_WARN_BOOL_CONVERSION = YES;
				CLANG_WARN_CONSTANT_CONVERSION = YES;
				CLANG_WARN_DIRECT_OBJC_ISA_USAGE = YES_ERROR;
				CLANG_WARN_EMPTY_BODY = YES;
				CLANG_WARN_ENUM_CONVERSION = YES;
				CLANG_WARN_INT_CONVERSION = YES;
				CLANG_WARN_OBJC_ROOT_CLASS = YES_ERROR;
				CLANG_WARN_UNREACHABLE_CODE = YES;
				CLANG_WARN__DUPLICATE_METHOD_MATCH = YES;
				COPY_PHASE_STRIP = NO;
				ENABLE_STRICT_OBJC_MSGSEND = YES;
				GCC_C_LANGUAGE_STANDARD = gnu99;
				GCC_DYNAMIC_NO_PIC = NO;
				GCC_OPTIMIZATION_LEVEL = 0;
				GCC_PREPROCESSOR_DEFINITIONS = (
					"DEBUG=1",
					"$(inherited)",
				);
				GCC_SYMBOLS_PRIVATE_EXTERN = NO;
				GCC_WARN_64_TO_32_BIT_CONVERSION = YES;
				GCC_WARN_ABOUT_RETURN_TYPE = YES_ERROR;
				GCC_WARN_UNDECLARED_SELECTOR = YES;
				GCC_WARN_UNINITIALIZED_AUTOS = YES_AGGRESSIVE;
				GCC_WARN_UNUSED_FUNCTION = YES;
				GCC_WARN_UNUSED_VARIABLE = YES;
				MACOSX_DEPLOYMENT_TARGET = 10.10;
				MTL_ENABLE_DEBUG_INFO = YES;
				ONLY_ACTIVE_ARCH = YES;
				SDKROOT = macosx;
			};
			name = Debug;
		};
		21BCADA41A1E92D100667A9F /* Release */ = {
			isa = XCBuildConfiguration;
			buildSettings = {
				ALWAYS_SEARCH_USER_PATHS = NO;
				CLANG_CXX_LANGUAGE_STANDARD = "gnu++0x";
				CLANG_CXX_LIBRARY = "libc++";
				CLANG_ENABLE_MODULES = YES;
				CLANG_ENABLE_OBJC_ARC = YES;
				CLANG_WARN_BOOL_CONVERSION = YES;
				CLANG_WARN_CONSTANT_CONVERSION = YES;
				CLANG_WARN_DIRECT_OBJC_ISA_USAGE = YES_ERROR;
				CLANG_WARN_EMPTY_BODY = YES;
				CLANG_WARN_ENUM_CONVERSION = YES;
				CLANG_WARN_INT_CONVERSION = YES;
				CLANG_WARN_OBJC_ROOT_CLASS = YES_ERROR;
				CLANG_WARN_UNREACHABLE_CODE = YES;
				CLANG_WARN__DUPLICATE_METHOD_MATCH = YES;
				COPY_PHASE_STRIP = YES;
				DEBUG_INFORMATION_FORMAT = "dwarf-with-dsym";
				ENABLE_NS_ASSERTIONS = NO;
				ENABLE_STRICT_OBJC_MSGSEND = YES;
				GCC_C_LANGUAGE_STANDARD = gnu99;
				GCC_WARN_64_TO_32_BIT_CONVERSION = YES;
				GCC_WARN_ABOUT_RETURN_TYPE = YES_ERROR;
				GCC_WARN_UNDECLARED_SELECTOR = YES;
				GCC_WARN_UNINITIALIZED_AUTOS = YES_AGGRESSIVE;
				GCC_WARN_UNUSED_FUNCTION = YES;
				GCC_WARN_UNUSED_VARIABLE = YES;
				MACOSX_DEPLOYMENT_TARGET = 10.10;
				MTL_ENABLE_DEBUG_INFO = NO;
				SDKROOT = macosx;
			};
			name = Release;
		};
		21BCADA61A1E92D100667A9F /* Debug */ = {
			isa = XCBuildConfiguration;
			buildSettings = {
				PRODUCT_NAME = "$(TARGET_NAME)";
			};
			name = Debug;
		};
		21BCADA71A1E92D100667A9F /* Release */ = {
			isa = XCBuildConfiguration;
			buildSettings = {
				PRODUCT_NAME = "$(TARGET_NAME)";
			};
			name = Release;
		};
/* End XCBuildConfiguration section */

/* Begin XCConfigurationList section */
		21BCAD991A1E92D000667A9F /* Build configuration list for PBXProject "Project10-Loops" */ = {
			isa = XCConfigurationList;
			buildConfigurations = (
				21BCADA31A1E92D100667A9F /* Debug */,
				21BCADA41A1E92D100667A9F /* Release */,
			);
			defaultConfigurationIsVisible = 0;
			defaultConfigurationName = Release;
		};
		21BCADA51A1E92D100667A9F /* Build configuration list for PBXNativeTarget "Project10-Loops" */ = {
			isa = XCConfigurationList;
			buildConfigurations = (
				21BCADA61A1E92D100667A9F /* Debug */,
				21BCADA71A1E92D100667A9F /* Release */,
			);
			defaultConfigurationIsVisible = 0;
			defaultConfigurationName = Release;
		};
/* End XCConfigurationList section */
	};
	rootObject = 21BCAD961A1E92D000667A9F /* Project object */;
}
